
Microsoft Visual Studio Solution File, Format Version 12.00
# Visual Studio 15
VisualStudioVersion = 15.0.26403.7
MinimumVisualStudioVersion = 10.0.40219.1
Project("{FAE04EC0-301F-11D3-BF4B-00C04F79EFBC}") = "Rbec.Formatting", "Rbec.Formatting\Rbec.Formatting.csproj", "{0DFD59E1-F01F-4BDB-A07B-A9B28CFDC51C}"
EndProject
Project("{FAE04EC0-301F-11D3-BF4B-00C04F79EFBC}") = "Rbec.FormattingTest", "Rbec.FormattingTest\Rbec.FormattingTest.csproj", "{4F4636F1-9ECA-43F5-BFA4-79EF640F824C}"
EndProject
Global
	GlobalSection(SolutionConfigurationPlatforms) = preSolution
		Debug|Any CPU = Debug|Any CPU
		Release|Any CPU = Release|Any CPU
	EndGlobalSection
	GlobalSection(ProjectConfigurationPlatforms) = postSolution
		{0DFD59E1-F01F-4BDB-A07B-A9B28CFDC51C}.Debug|Any CPU.ActiveCfg = Debug|Any CPU
		{0DFD59E1-F01F-4BDB-A07B-A9B28CFDC51C}.Debug|Any CPU.Build.0 = Debug|Any CPU
		{0DFD59E1-F01F-4BDB-A07B-A9B28CFDC51C}.Release|Any CPU.ActiveCfg = Release|Any CPU
		{0DFD59E1-F01F-4BDB-A07B-A9B28CFDC51C}.Release|Any CPU.Build.0 = Release|Any CPU
		{4F4636F1-9ECA-43F5-BFA4-79EF640F824C}.Debug|Any CPU.ActiveCfg = Debug|Any CPU
		{4F4636F1-9ECA-43F5-BFA4-79EF640F824C}.Debug|Any CPU.Build.0 = Debug|Any CPU
		{4F4636F1-9ECA-43F5-BFA4-79EF640F824C}.Release|Any CPU.ActiveCfg = Release|Any CPU
		{4F4636F1-9ECA-43F5-BFA4-79EF640F824C}.Release|Any CPU.Build.0 = Release|Any CPU
	EndGlobalSection
	GlobalSection(SolutionProperties) = preSolution
		HideSolutionNode = FALSE
	EndGlobalSection
EndGlobal
